// !$*UTF8*$!
{
	archiveVersion = 1;
	classes = {
	};
	objectVersion = 50;
	objects = {

/* Begin PBXBuildFile section */
		96AE6A0F2198622E003A8BEA /* AppDelegate.swift in Sources */ = {isa = PBXBuildFile; fileRef = 96AE6A0E2198622E003A8BEA /* AppDelegate.swift */; };
		96AE6A112198622E003A8BEA /* ViewController.swift in Sources */ = {isa = PBXBuildFile; fileRef = 96AE6A102198622E003A8BEA /* ViewController.swift */; };
		96AE6A142198622E003A8BEA /* Main.storyboard in Resources */ = {isa = PBXBuildFile; fileRef = 96AE6A122198622E003A8BEA /* Main.storyboard */; };
		96AE6A162198622F003A8BEA /* Assets.xcassets in Resources */ = {isa = PBXBuildFile; fileRef = 96AE6A152198622F003A8BEA /* Assets.xcassets */; };
		96AE6A192198622F003A8BEA /* LaunchScreen.storyboard in Resources */ = {isa = PBXBuildFile; fileRef = 96AE6A172198622F003A8BEA /* LaunchScreen.storyboard */; };
		96AE6A242198622F003A8BEA /* todo_version2Tests.swift in Sources */ = {isa = PBXBuildFile; fileRef = 96AE6A232198622F003A8BEA /* todo_version2Tests.swift */; };
		96AE6A2F2198622F003A8BEA /* todo_version2UITests.swift in Sources */ = {isa = PBXBuildFile; fileRef = 96AE6A2E2198622F003A8BEA /* todo_version2UITests.swift */; };
/* End PBXBuildFile section */

/* Begin PBXContainerItemProxy section */
		96AE6A202198622F003A8BEA /* PBXContainerItemProxy */ = {
			isa = PBXContainerItemProxy;
			containerPortal = 96AE6A032198622E003A8BEA /* Project object */;
			proxyType = 1;
			remoteGlobalIDString = 96AE6A0A2198622E003A8BEA;
			remoteInfo = "todo-version2";
		};
		96AE6A2B2198622F003A8BEA /* PBXContainerItemProxy */ = {
			isa = PBXContainerItemProxy;
			containerPortal = 96AE6A032198622E003A8BEA /* Project object */;
			proxyType = 1;
			remoteGlobalIDString = 96AE6A0A2198622E003A8BEA;
			remoteInfo = "todo-version2";
		};
/* End PBXContainerItemProxy section */

/* Begin PBXFileReference section */
		96AE6A0B2198622E003A8BEA /* todo-version2.app */ = {isa = PBXFileReference; explicitFileType = wrapper.application; includeInIndex = 0; path = "todo-version2.app"; sourceTree = BUILT_PRODUCTS_DIR; };
		96AE6A0E2198622E003A8BEA /* AppDelegate.swift */ = {isa = PBXFileReference; lastKnownFileType = sourcecode.swift; path = AppDelegate.swift; sourceTree = "<group>"; };
		96AE6A102198622E003A8BEA /* ViewController.swift */ = {isa = PBXFileReference; lastKnownFileType = sourcecode.swift; path = ViewController.swift; sourceTree = "<group>"; };
		96AE6A132198622E003A8BEA /* Base */ = {isa = PBXFileReference; lastKnownFileType = file.storyboard; name = Base; path = Base.lproj/Main.storyboard; sourceTree = "<group>"; };
		96AE6A152198622F003A8BEA /* Assets.xcassets */ = {isa = PBXFileReference; lastKnownFileType = folder.assetcatalog; path = Assets.xcassets; sourceTree = "<group>"; };
		96AE6A182198622F003A8BEA /* Base */ = {isa = PBXFileReference; lastKnownFileType = file.storyboard; name = Base; path = Base.lproj/LaunchScreen.storyboard; sourceTree = "<group>"; };
		96AE6A1A2198622F003A8BEA /* Info.plist */ = {isa = PBXFileReference; lastKnownFileType = text.plist.xml; path = Info.plist; sourceTree = "<group>"; };
		96AE6A1F2198622F003A8BEA /* todo-version2Tests.xctest */ = {isa = PBXFileReference; explicitFileType = wrapper.cfbundle; includeInIndex = 0; path = "todo-version2Tests.xctest"; sourceTree = BUILT_PRODUCTS_DIR; };
		96AE6A232198622F003A8BEA /* todo_version2Tests.swift */ = {isa = PBXFileReference; lastKnownFileType = sourcecode.swift; path = todo_version2Tests.swift; sourceTree = "<group>"; };
		96AE6A252198622F003A8BEA /* Info.plist */ = {isa = PBXFileReference; lastKnownFileType = text.plist.xml; path = Info.plist; sourceTree = "<group>"; };
		96AE6A2A2198622F003A8BEA /* todo-version2UITests.xctest */ = {isa = PBXFileReference; explicitFileType = wrapper.cfbundle; includeInIndex = 0; path = "todo-version2UITests.xctest"; sourceTree = BUILT_PRODUCTS_DIR; };
		96AE6A2E2198622F003A8BEA /* todo_version2UITests.swift */ = {isa = PBXFileReference; lastKnownFileType = sourcecode.swift; path = todo_version2UITests.swift; sourceTree = "<group>"; };
		96AE6A302198622F003A8BEA /* Info.plist */ = {isa = PBXFileReference; lastKnownFileType = text.plist.xml; path = Info.plist; sourceTree = "<group>"; };
/* End PBXFileReference section */

/* Begin PBXFrameworksBuildPhase section */
		96AE6A082198622E003A8BEA /* Frameworks */ = {
			isa = PBXFrameworksBuildPhase;
			buildActionMask = 2147483647;
			files = (
			);
			runOnlyForDeploymentPostprocessing = 0;
		};
		96AE6A1C2198622F003A8BEA /* Frameworks */ = {
			isa = PBXFrameworksBuildPhase;
			buildActionMask = 2147483647;
			files = (
			);
			runOnlyForDeploymentPostprocessing = 0;
		};
		96AE6A272198622F003A8BEA /* Frameworks */ = {
			isa = PBXFrameworksBuildPhase;
			buildActionMask = 2147483647;
			files = (
			);
			runOnlyForDeploymentPostprocessing = 0;
		};
/* End PBXFrameworksBuildPhase section */

/* Begin PBXGroup section */
		96AE6A022198622E003A8BEA = {
			isa = PBXGroup;
			children = (
				96AE6A0D2198622E003A8BEA /* todo-version2 */,
				96AE6A222198622F003A8BEA /* todo-version2Tests */,
				96AE6A2D2198622F003A8BEA /* todo-version2UITests */,
				96AE6A0C2198622E003A8BEA /* Products */,
			);
			sourceTree = "<group>";
		};
		96AE6A0C2198622E003A8BEA /* Products */ = {
			isa = PBXGroup;
			children = (
				96AE6A0B2198622E003A8BEA /* todo-version2.app */,
				96AE6A1F2198622F003A8BEA /* todo-version2Tests.xctest */,
				96AE6A2A2198622F003A8BEA /* todo-version2UITests.xctest */,
			);
			name = Products;
			sourceTree = "<group>";
		};
		96AE6A0D2198622E003A8BEA /* todo-version2 */ = {
			isa = PBXGroup;
			children = (
				96AE6A0E2198622E003A8BEA /* AppDelegate.swift */,
				96AE6A102198622E003A8BEA /* ViewController.swift */,
				96AE6A122198622E003A8BEA /* Main.storyboard */,
				96AE6A152198622F003A8BEA /* Assets.xcassets */,
				96AE6A172198622F003A8BEA /* LaunchScreen.storyboard */,
				96AE6A1A2198622F003A8BEA /* Info.plist */,
			);
			path = "todo-version2";
			sourceTree = "<group>";
		};
		96AE6A222198622F003A8BEA /* todo-version2Tests */ = {
			isa = PBXGroup;
			children = (
				96AE6A232198622F003A8BEA /* todo_version2Tests.swift */,
				96AE6A252198622F003A8BEA /* Info.plist */,
			);
			path = "todo-version2Tests";
			sourceTree = "<group>";
		};
		96AE6A2D2198622F003A8BEA /* todo-version2UITests */ = {
			isa = PBXGroup;
			children = (
				96AE6A2E2198622F003A8BEA /* todo_version2UITests.swift */,
				96AE6A302198622F003A8BEA /* Info.plist */,
			);
			path = "todo-version2UITests";
			sourceTree = "<group>";
		};
/* End PBXGroup section */

/* Begin PBXNativeTarget section */
		96AE6A0A2198622E003A8BEA /* todo-version2 */ = {
			isa = PBXNativeTarget;
			buildConfigurationList = 96AE6A332198622F003A8BEA /* Build configuration list for PBXNativeTarget "todo-version2" */;
			buildPhases = (
				96AE6A072198622E003A8BEA /* Sources */,
				96AE6A082198622E003A8BEA /* Frameworks */,
				96AE6A092198622E003A8BEA /* Resources */,
			);
			buildRules = (
			);
			dependencies = (
			);
			name = "todo-version2";
			productName = "todo-version2";
			productReference = 96AE6A0B2198622E003A8BEA /* todo-version2.app */;
			productType = "com.apple.product-type.application";
		};
		96AE6A1E2198622F003A8BEA /* todo-version2Tests */ = {
			isa = PBXNativeTarget;
			buildConfigurationList = 96AE6A362198622F003A8BEA /* Build configuration list for PBXNativeTarget "todo-version2Tests" */;
			buildPhases = (
				96AE6A1B2198622F003A8BEA /* Sources */,
				96AE6A1C2198622F003A8BEA /* Frameworks */,
				96AE6A1D2198622F003A8BEA /* Resources */,
			);
			buildRules = (
			);
			dependencies = (
				96AE6A212198622F003A8BEA /* PBXTargetDependency */,
			);
			name = "todo-version2Tests";
			productName = "todo-version2Tests";
			productReference = 96AE6A1F2198622F003A8BEA /* todo-version2Tests.xctest */;
			productType = "com.apple.product-type.bundle.unit-test";
		};
		96AE6A292198622F003A8BEA /* todo-version2UITests */ = {
			isa = PBXNativeTarget;
			buildConfigurationList = 96AE6A392198622F003A8BEA /* Build configuration list for PBXNativeTarget "todo-version2UITests" */;
			buildPhases = (
				96AE6A262198622F003A8BEA /* Sources */,
				96AE6A272198622F003A8BEA /* Frameworks */,
				96AE6A282198622F003A8BEA /* Resources */,
			);
			buildRules = (
			);
			dependencies = (
				96AE6A2C2198622F003A8BEA /* PBXTargetDependency */,
			);
			name = "todo-version2UITests";
			productName = "todo-version2UITests";
			productReference = 96AE6A2A2198622F003A8BEA /* todo-version2UITests.xctest */;
			productType = "com.apple.product-type.bundle.ui-testing";
		};
/* End PBXNativeTarget section */

/* Begin PBXProject section */
		96AE6A032198622E003A8BEA /* Project object */ = {
			isa = PBXProject;
			attributes = {
				LastSwiftUpdateCheck = 1010;
				LastUpgradeCheck = 1010;
				ORGANIZATIONNAME = "Shahzaib Noor";
				TargetAttributes = {
					96AE6A0A2198622E003A8BEA = {
						CreatedOnToolsVersion = 10.1;
					};
					96AE6A1E2198622F003A8BEA = {
						CreatedOnToolsVersion = 10.1;
						TestTargetID = 96AE6A0A2198622E003A8BEA;
					};
					96AE6A292198622F003A8BEA = {
						CreatedOnToolsVersion = 10.1;
						TestTargetID = 96AE6A0A2198622E003A8BEA;
					};
				};
			};
			buildConfigurationList = 96AE6A062198622E003A8BEA /* Build configuration list for PBXProject "todo-version2" */;
			compatibilityVersion = "Xcode 9.3";
			developmentRegion = en;
			hasScannedForEncodings = 0;
			knownRegions = (
				en,
				Base,
			);
			mainGroup = 96AE6A022198622E003A8BEA;
			productRefGroup = 96AE6A0C2198622E003A8BEA /* Products */;
			projectDirPath = "";
			projectRoot = "";
			targets = (
				96AE6A0A2198622E003A8BEA /* todo-version2 */,
				96AE6A1E2198622F003A8BEA /* todo-version2Tests */,
				96AE6A292198622F003A8BEA /* todo-version2UITests */,
			);
		};
/* End PBXProject section */

/* Begin PBXResourcesBuildPhase section */
		96AE6A092198622E003A8BEA /* Resources */ = {
			isa = PBXResourcesBuildPhase;
			buildActionMask = 2147483647;
			files = (
				96AE6A192198622F003A8BEA /* LaunchScreen.storyboard in Resources */,
				96AE6A162198622F003A8BEA /* Assets.xcassets in Resources */,
				96AE6A142198622E003A8BEA /* Main.storyboard in Resources */,
			);
			runOnlyForDeploymentPostprocessing = 0;
		};
		96AE6A1D2198622F003A8BEA /* Resources */ = {
			isa = PBXResourcesBuildPhase;
			buildActionMask = 2147483647;
			files = (
			);
			runOnlyForDeploymentPostprocessing = 0;
		};
		96AE6A282198622F003A8BEA /* Resources */ = {
			isa = PBXResourcesBuildPhase;
			buildActionMask = 2147483647;
			files = (
			);
			runOnlyForDeploymentPostprocessing = 0;
		};
/* End PBXResourcesBuildPhase section */

/* Begin PBXSourcesBuildPhase section */
		96AE6A072198622E003A8BEA /* Sources */ = {
			isa = PBXSourcesBuildPhase;
			buildActionMask = 2147483647;
			files = (
				96AE6A112198622E003A8BEA /* ViewController.swift in Sources */,
				96AE6A0F2198622E003A8BEA /* AppDelegate.swift in Sources */,
			);
			runOnlyForDeploymentPostprocessing = 0;
		};
		96AE6A1B2198622F003A8BEA /* Sources */ = {
			isa = PBXSourcesBuildPhase;
			buildActionMask = 2147483647;
			files = (
				96AE6A242198622F003A8BEA /* todo_version2Tests.swift in Sources */,
			);
			runOnlyForDeploymentPostprocessing = 0;
		};
		96AE6A262198622F003A8BEA /* Sources */ = {
			isa = PBXSourcesBuildPhase;
			buildActionMask = 2147483647;
			files = (
				96AE6A2F2198622F003A8BEA /* todo_version2UITests.swift in Sources */,
			);
			runOnlyForDeploymentPostprocessing = 0;
		};
/* End PBXSourcesBuildPhase section */

/* Begin PBXTargetDependency section */
		96AE6A212198622F003A8BEA /* PBXTargetDependency */ = {
			isa = PBXTargetDependency;
			target = 96AE6A0A2198622E003A8BEA /* todo-version2 */;
			targetProxy = 96AE6A202198622F003A8BEA /* PBXContainerItemProxy */;
		};
		96AE6A2C2198622F003A8BEA /* PBXTargetDependency */ = {
			isa = PBXTargetDependency;
			target = 96AE6A0A2198622E003A8BEA /* todo-version2 */;
			targetProxy = 96AE6A2B2198622F003A8BEA /* PBXContainerItemProxy */;
		};
/* End PBXTargetDependency section */

/* Begin PBXVariantGroup section */
		96AE6A122198622E003A8BEA /* Main.storyboard */ = {
			isa = PBXVariantGroup;
			children = (
				96AE6A132198622E003A8BEA /* Base */,
			);
			name = Main.storyboard;
			sourceTree = "<group>";
		};
		96AE6A172198622F003A8BEA /* LaunchScreen.storyboard */ = {
			isa = PBXVariantGroup;
			children = (
				96AE6A182198622F003A8BEA /* Base */,
			);
			name = LaunchScreen.storyboard;
			sourceTree = "<group>";
		};
/* End PBXVariantGroup section */

/* Begin XCBuildConfiguration section */
		96AE6A312198622F003A8BEA /* Debug */ = {
			isa = XCBuildConfiguration;
			buildSettings = {
				ALWAYS_SEARCH_USER_PATHS = NO;
				CLANG_ANALYZER_NONNULL = YES;
				CLANG_ANALYZER_NUMBER_OBJECT_CONVERSION = YES_AGGRESSIVE;
				CLANG_CXX_LANGUAGE_STANDARD = "gnu++14";
				CLANG_CXX_LIBRARY = "libc++";
				CLANG_ENABLE_MODULES = YES;
				CLANG_ENABLE_OBJC_ARC = YES;
				CLANG_ENABLE_OBJC_WEAK = YES;
				CLANG_WARN_BLOCK_CAPTURE_AUTORELEASING = YES;
				CLANG_WARN_BOOL_CONVERSION = YES;
				CLANG_WARN_COMMA = YES;
				CLANG_WARN_CONSTANT_CONVERSION = YES;
				CLANG_WARN_DEPRECATED_OBJC_IMPLEMENTATIONS = YES;
				CLANG_WARN_DIRECT_OBJC_ISA_USAGE = YES_ERROR;
				CLANG_WARN_DOCUMENTATION_COMMENTS = YES;
				CLANG_WARN_EMPTY_BODY = YES;
				CLANG_WARN_ENUM_CONVERSION = YES;
				CLANG_WARN_INFINITE_RECURSION = YES;
				CLANG_WARN_INT_CONVERSION = YES;
				CLANG_WARN_NON_LITERAL_NULL_CONVERSION = YES;
				CLANG_WARN_OBJC_IMPLICIT_RETAIN_SELF = YES;
				CLANG_WARN_OBJC_LITERAL_CONVERSION = YES;
				CLANG_WARN_OBJC_ROOT_CLASS = YES_ERROR;
				CLANG_WARN_RANGE_LOOP_ANALYSIS = YES;
				CLANG_WARN_STRICT_PROTOTYPES = YES;
				CLANG_WARN_SUSPICIOUS_MOVE = YES;
				CLANG_WARN_UNGUARDED_AVAILABILITY = YES_AGGRESSIVE;
				CLANG_WARN_UNREACHABLE_CODE = YES;
				CLANG_WARN__DUPLICATE_METHOD_MATCH = YES;
				CODE_SIGN_IDENTITY = "iPhone Developer";
				COPY_PHASE_STRIP = NO;
				DEBUG_INFORMATION_FORMAT = dwarf;
				ENABLE_STRICT_OBJC_MSGSEND = YES;
				ENABLE_TESTABILITY = YES;
				GCC_C_LANGUAGE_STANDARD = gnu11;
				GCC_DYNAMIC_NO_PIC = NO;
				GCC_NO_COMMON_BLOCKS = YES;
				GCC_OPTIMIZATION_LEVEL = 0;
				GCC_PREPROCESSOR_DEFINITIONS = (
					"DEBUG=1",
					"$(inherited)",
				);
				GCC_WARN_64_TO_32_BIT_CONVERSION = YES;
				GCC_WARN_ABOUT_RETURN_TYPE = YES_ERROR;
				GCC_WARN_UNDECLARED_SELECTOR = YES;
				GCC_WARN_UNINITIALIZED_AUTOS = YES_AGGRESSIVE;
				GCC_WARN_UNUSED_FUNCTION = YES;
				GCC_WARN_UNUSED_VARIABLE = YES;
				IPHONEOS_DEPLOYMENT_TARGET = 12.1;
				MTL_ENABLE_DEBUG_INFO = INCLUDE_SOURCE;
				MTL_FAST_MATH = YES;
				ONLY_ACTIVE_ARCH = YES;
				SDKROOT = iphoneos;
				SWIFT_ACTIVE_COMPILATION_CONDITIONS = DEBUG;
				SWIFT_OPTIMIZATION_LEVEL = "-Onone";
			};
			name = Debug;
		};
		96AE6A322198622F003A8BEA /* Release */ = {
			isa = XCBuildConfiguration;
			buildSettings = {
				ALWAYS_SEARCH_USER_PATHS = NO;
				CLANG_ANALYZER_NONNULL = YES;
				CLANG_ANALYZER_NUMBER_OBJECT_CONVERSION = YES_AGGRESSIVE;
				CLANG_CXX_LANGUAGE_STANDARD = "gnu++14";
				CLANG_CXX_LIBRARY = "libc++";
				CLANG_ENABLE_MODULES = YES;
				CLANG_ENABLE_OBJC_ARC = YES;
				CLANG_ENABLE_OBJC_WEAK = YES;
				CLANG_WARN_BLOCK_CAPTURE_AUTORELEASING = YES;
				CLANG_WARN_BOOL_CONVERSION = YES;
				CLANG_WARN_COMMA = YES;
				CLANG_WARN_CONSTANT_CONVERSION = YES;
				CLANG_WARN_DEPRECATED_OBJC_IMPLEMENTATIONS = YES;
				CLANG_WARN_DIRECT_OBJC_ISA_USAGE = YES_ERROR;
				CLANG_WARN_DOCUMENTATION_COMMENTS = YES;
				CLANG_WARN_EMPTY_BODY = YES;
				CLANG_WARN_ENUM_CONVERSION = YES;
				CLANG_WARN_INFINITE_RECURSION = YES;
				CLANG_WARN_INT_CONVERSION = YES;
				CLANG_WARN_NON_LITERAL_NULL_CONVERSION = YES;
				CLANG_WARN_OBJC_IMPLICIT_RETAIN_SELF = YES;
				CLANG_WARN_OBJC_LITERAL_CONVERSION = YES;
				CLANG_WARN_OBJC_ROOT_CLASS = YES_ERROR;
				CLANG_WARN_RANGE_LOOP_ANALYSIS = YES;
				CLANG_WARN_STRICT_PROTOTYPES = YES;
				CLANG_WARN_SUSPICIOUS_MOVE = YES;
				CLANG_WARN_UNGUARDED_AVAILABILITY = YES_AGGRESSIVE;
				CLANG_WARN_UNREACHABLE_CODE = YES;
				CLANG_WARN__DUPLICATE_METHOD_MATCH = YES;
				CODE_SIGN_IDENTITY = "iPhone Developer";
				COPY_PHASE_STRIP = NO;
				DEBUG_INFORMATION_FORMAT = "dwarf-with-dsym";
				ENABLE_NS_ASSERTIONS = NO;
				ENABLE_STRICT_OBJC_MSGSEND = YES;
				GCC_C_LANGUAGE_STANDARD = gnu11;
				GCC_NO_COMMON_BLOCKS = YES;
				GCC_WARN_64_TO_32_BIT_CONVERSION = YES;
				GCC_WARN_ABOUT_RETURN_TYPE = YES_ERROR;
				GCC_WARN_UNDECLARED_SELECTOR = YES;
				GCC_WARN_UNINITIALIZED_AUTOS = YES_AGGRESSIVE;
				GCC_WARN_UNUSED_FUNCTION = YES;
				GCC_WARN_UNUSED_VARIABLE = YES;
				IPHONEOS_DEPLOYMENT_TARGET = 12.1;
				MTL_ENABLE_DEBUG_INFO = NO;
				MTL_FAST_MATH = YES;
				SDKROOT = iphoneos;
				SWIFT_COMPILATION_MODE = wholemodule;
				SWIFT_OPTIMIZATION_LEVEL = "-O";
				VALIDATE_PRODUCT = YES;
			};
			name = Release;
		};
		96AE6A342198622F003A8BEA /* Debug */ = {
			isa = XCBuildConfiguration;
			buildSettings = {
				ASSETCATALOG_COMPILER_APPICON_NAME = AppIcon;
				CODE_SIGN_STYLE = Automatic;
				DEVELOPMENT_TEAM = L3L8M63XAC;
				INFOPLIST_FILE = "todo-version2/Info.plist";
				LD_RUNPATH_SEARCH_PATHS = (
					"$(inherited)",
					"@executable_path/Frameworks",
				);
				PRODUCT_BUNDLE_IDENTIFIER = "firstApp.shahzaibnoor.ios.com.todo-version2";
				PRODUCT_NAME = "$(TARGET_NAME)";
				SWIFT_VERSION = 4.2;
				TARGETED_DEVICE_FAMILY = "1,2";
			};
			name = Debug;
		};
		96AE6A352198622F003A8BEA /* Release */ = {
			isa = XCBuildConfiguration;
			buildSettings = {
				ASSETCATALOG_COMPILER_APPICON_NAME = AppIcon;
				CODE_SIGN_STYLE = Automatic;
				DEVELOPMENT_TEAM = L3L8M63XAC;
				INFOPLIST_FILE = "todo-version2/Info.plist";
				LD_RUNPATH_SEARCH_PATHS = (
					"$(inherited)",
					"@executable_path/Frameworks",
				);
				PRODUCT_BUNDLE_IDENTIFIER = "firstApp.shahzaibnoor.ios.com.todo-version2";
				PRODUCT_NAME = "$(TARGET_NAME)";
				SWIFT_VERSION = 4.2;
				TARGETED_DEVICE_FAMILY = "1,2";
			};
			name = Release;
		};
		96AE6A372198622F003A8BEA /* Debug */ = {
			isa = XCBuildConfiguration;
			buildSettings = {
				ALWAYS_EMBED_SWIFT_STANDARD_LIBRARIES = YES;
				BUNDLE_LOADER = "$(TEST_HOST)";
				CODE_SIGN_STYLE = Automatic;
				DEVELOPMENT_TEAM = L3L8M63XAC;
				INFOPLIST_FILE = "todo-version2Tests/Info.plist";
				LD_RUNPATH_SEARCH_PATHS = (
					"$(inherited)",
					"@executable_path/Frameworks",
					"@loader_path/Frameworks",
				);
				PRODUCT_BUNDLE_IDENTIFIER = "firstApp.shahzaibnoor.ios.com.todo-version2Tests";
				PRODUCT_NAME = "$(TARGET_NAME)";
				SWIFT_VERSION = 4.2;
				TARGETED_DEVICE_FAMILY = "1,2";
				TEST_HOST = "$(BUILT_PRODUCTS_DIR)/todo-version2.app/todo-version2";
			};
			name = Debug;
		};
		96AE6A382198622F003A8BEA /* Release */ = {
			isa = XCBuildConfiguration;
			buildSettings = {
				ALWAYS_EMBED_SWIFT_STANDARD_LIBRARIES = YES;
				BUNDLE_LOADER = "$(TEST_HOST)";
				CODE_SIGN_STYLE = Automatic;
				DEVELOPMENT_TEAM = L3L8M63XAC;
				INFOPLIST_FILE = "todo-version2Tests/Info.plist";
				LD_RUNPATH_SEARCH_PATHS = (
					"$(inherited)",
					"@executable_path/Frameworks",
					"@loader_path/Frameworks",
				);
				PRODUCT_BUNDLE_IDENTIFIER = "firstApp.shahzaibnoor.ios.com.todo-version2Tests";
				PRODUCT_NAME = "$(TARGET_NAME)";
				SWIFT_VERSION = 4.2;
				TARGETED_DEVICE_FAMILY = "1,2";
				TEST_HOST = "$(BUILT_PRODUCTS_DIR)/todo-version2.app/todo-version2";
			};
			name = Release;
		};
		96AE6A3A2198622F003A8BEA /* Debug */ = {
			isa = XCBuildConfiguration;
			buildSettings = {
				ALWAYS_EMBED_SWIFT_STANDARD_LIBRARIES = YES;
				CODE_SIGN_STYLE = Automatic;
				DEVELOPMENT_TEAM = L3L8M63XAC;
				INFOPLIST_FILE = "todo-version2UITests/Info.plist";
				LD_RUNPATH_SEARCH_PATHS = (
					"$(inherited)",
					"@executable_path/Frameworks",
					"@loader_path/Frameworks",
				);
				PRODUCT_BUNDLE_IDENTIFIER = "firstApp.shahzaibnoor.ios.com.todo-version2UITests";
				PRODUCT_NAME = "$(TARGET_NAME)";
				SWIFT_VERSION = 4.2;
				TARGETED_DEVICE_FAMILY = "1,2";
				TEST_TARGET_NAME = "todo-version2";
			};
			name = Debug;
		};
		96AE6A3B2198622F003A8BEA /* Release */ = {
			isa = XCBuildConfiguration;
			buildSettings = {
				ALWAYS_EMBED_SWIFT_STANDARD_LIBRARIES = YES;
				CODE_SIGN_STYLE = Automatic;
				DEVELOPMENT_TEAM = L3L8M63XAC;
				INFOPLIST_FILE = "todo-version2UITests/Info.plist";
				LD_RUNPATH_SEARCH_PATHS = (
					"$(inherited)",
					"@executable_path/Frameworks",
					"@loader_path/Frameworks",
				);
				PRODUCT_BUNDLE_IDENTIFIER = "firstApp.shahzaibnoor.ios.com.todo-version2UITests";
				PRODUCT_NAME = "$(TARGET_NAME)";
				SWIFT_VERSION = 4.2;
				TARGETED_DEVICE_FAMILY = "1,2";
				TEST_TARGET_NAME = "todo-version2";
			};
			name = Release;
		};
/* End XCBuildConfiguration section */

/* Begin XCConfigurationList section */
		96AE6A062198622E003A8BEA /* Build configuration list for PBXProject "todo-version2" */ = {
			isa = XCConfigurationList;
			buildConfigurations = (
				96AE6A312198622F003A8BEA /* Debug */,
				96AE6A322198622F003A8BEA /* Release */,
			);
			defaultConfigurationIsVisible = 0;
			defaultConfigurationName = Release;
		};
		96AE6A332198622F003A8BEA /* Build configuration list for PBXNativeTarget "todo-version2" */ = {
			isa = XCConfigurationList;
			buildConfigurations = (
				96AE6A342198622F003A8BEA /* Debug */,
				96AE6A352198622F003A8BEA /* Release */,
			);
			defaultConfigurationIsVisible = 0;
			defaultConfigurationName = Release;
		};
		96AE6A362198622F003A8BEA /* Build configuration list for PBXNativeTarget "todo-version2Tests" */ = {
			isa = XCConfigurationList;
			buildConfigurations = (
				96AE6A372198622F003A8BEA /* Debug */,
				96AE6A382198622F003A8BEA /* Release */,
			);
			defaultConfigurationIsVisible = 0;
			defaultConfigurationName = Release;
		};
		96AE6A392198622F003A8BEA /* Build configuration list for PBXNativeTarget "todo-version2UITests" */ = {
			isa = XCConfigurationList;
			buildConfigurations = (
				96AE6A3A2198622F003A8BEA /* Debug */,
				96AE6A3B2198622F003A8BEA /* Release */,
			);
			defaultConfigurationIsVisible = 0;
			defaultConfigurationName = Release;
		};
/* End XCConfigurationList section */
	};
	rootObject = 96AE6A032198622E003A8BEA /* Project object */;
}
