// !$*UTF8*$!
{
	archiveVersion = 1;
	classes = {
	};
	objectVersion = 50;
	objects = {

/* Begin PBXBuildFile section */
		78C0C0422185CDDA0070D683 /* AppDelegate.swift in Sources */ = {isa = PBXBuildFile; fileRef = 78C0C0412185CDDA0070D683 /* AppDelegate.swift */; };
		78C0C0442185CDDA0070D683 /* ViewController.swift in Sources */ = {isa = PBXBuildFile; fileRef = 78C0C0432185CDDA0070D683 /* ViewController.swift */; };
		78C0C0472185CDDA0070D683 /* Main.storyboard in Resources */ = {isa = PBXBuildFile; fileRef = 78C0C0452185CDDA0070D683 /* Main.storyboard */; };
		78C0C0492185CDDD0070D683 /* Assets.xcassets in Resources */ = {isa = PBXBuildFile; fileRef = 78C0C0482185CDDD0070D683 /* Assets.xcassets */; };
		78C0C04C2185CDDD0070D683 /* LaunchScreen.storyboard in Resources */ = {isa = PBXBuildFile; fileRef = 78C0C04A2185CDDD0070D683 /* LaunchScreen.storyboard */; };
/* End PBXBuildFile section */

/* Begin PBXFileReference section */
		78C0C03E2185CDDA0070D683 /* ToDoListapplication.app */ = {isa = PBXFileReference; explicitFileType = wrapper.application; includeInIndex = 0; path = ToDoListapplication.app; sourceTree = BUILT_PRODUCTS_DIR; };
		78C0C0412185CDDA0070D683 /* AppDelegate.swift */ = {isa = PBXFileReference; lastKnownFileType = sourcecode.swift; path = AppDelegate.swift; sourceTree = "<group>"; };
		78C0C0432185CDDA0070D683 /* ViewController.swift */ = {isa = PBXFileReference; lastKnownFileType = sourcecode.swift; path = ViewController.swift; sourceTree = "<group>"; };
		78C0C0462185CDDA0070D683 /* Base */ = {isa = PBXFileReference; lastKnownFileType = file.storyboard; name = Base; path = Base.lproj/Main.storyboard; sourceTree = "<group>"; };
		78C0C0482185CDDD0070D683 /* Assets.xcassets */ = {isa = PBXFileReference; lastKnownFileType = folder.assetcatalog; path = Assets.xcassets; sourceTree = "<group>"; };
		78C0C04B2185CDDD0070D683 /* Base */ = {isa = PBXFileReference; lastKnownFileType = file.storyboard; name = Base; path = Base.lproj/LaunchScreen.storyboard; sourceTree = "<group>"; };
		78C0C04D2185CDDD0070D683 /* Info.plist */ = {isa = PBXFileReference; lastKnownFileType = text.plist.xml; path = Info.plist; sourceTree = "<group>"; };
/* End PBXFileReference section */

/* Begin PBXFrameworksBuildPhase section */
		78C0C03B2185CDDA0070D683 /* Frameworks */ = {
			isa = PBXFrameworksBuildPhase;
			buildActionMask = 2147483647;
			files = (
			);
			runOnlyForDeploymentPostprocessing = 0;
		};
/* End PBXFrameworksBuildPhase section */

/* Begin PBXGroup section */
		78C0C0352185CDDA0070D683 = {
			isa = PBXGroup;
			children = (
				78C0C0402185CDDA0070D683 /* ToDoListapplication */,
				78C0C03F2185CDDA0070D683 /* Products */,
			);
			sourceTree = "<group>";
		};
		78C0C03F2185CDDA0070D683 /* Products */ = {
			isa = PBXGroup;
			children = (
				78C0C03E2185CDDA0070D683 /* ToDoListapplication.app */,
			);
			name = Products;
			sourceTree = "<group>";
		};
		78C0C0402185CDDA0070D683 /* ToDoListapplication */ = {
			isa = PBXGroup;
			children = (
				78C0C0412185CDDA0070D683 /* AppDelegate.swift */,
				78C0C0432185CDDA0070D683 /* ViewController.swift */,
				78C0C0452185CDDA0070D683 /* Main.storyboard */,
				78C0C0482185CDDD0070D683 /* Assets.xcassets */,
				78C0C04A2185CDDD0070D683 /* LaunchScreen.storyboard */,
				78C0C04D2185CDDD0070D683 /* Info.plist */,
			);
			path = ToDoListapplication;
			sourceTree = "<group>";
		};
/* End PBXGroup section */

/* Begin PBXNativeTarget section */
		78C0C03D2185CDDA0070D683 /* ToDoListapplication */ = {
			isa = PBXNativeTarget;
			buildConfigurationList = 78C0C0502185CDDD0070D683 /* Build configuration list for PBXNativeTarget "ToDoListapplication" */;
			buildPhases = (
				78C0C03A2185CDDA0070D683 /* Sources */,
				78C0C03B2185CDDA0070D683 /* Frameworks */,
				78C0C03C2185CDDA0070D683 /* Resources */,
			);
			buildRules = (
			);
			dependencies = (
			);
			name = ToDoListapplication;
			productName = ToDoListapplication;
			productReference = 78C0C03E2185CDDA0070D683 /* ToDoListapplication.app */;
			productType = "com.apple.product-type.application";
		};
/* End PBXNativeTarget section */

/* Begin PBXProject section */
		78C0C0362185CDDA0070D683 /* Project object */ = {
			isa = PBXProject;
			attributes = {
				LastSwiftUpdateCheck = 1000;
				LastUpgradeCheck = 1000;
				ORGANIZATIONNAME = "Danish Rehman";
				TargetAttributes = {
					78C0C03D2185CDDA0070D683 = {
						CreatedOnToolsVersion = 10.0;
					};
				};
			};
			buildConfigurationList = 78C0C0392185CDDA0070D683 /* Build configuration list for PBXProject "ToDoListapplication" */;
			compatibilityVersion = "Xcode 9.3";
			developmentRegion = en;
			hasScannedForEncodings = 0;
			knownRegions = (
				en,
				Base,
			);
			mainGroup = 78C0C0352185CDDA0070D683;
			productRefGroup = 78C0C03F2185CDDA0070D683 /* Products */;
			projectDirPath = "";
			projectRoot = "";
			targets = (
				78C0C03D2185CDDA0070D683 /* ToDoListapplication */,
			);
		};
/* End PBXProject section */

/* Begin PBXResourcesBuildPhase section */
		78C0C03C2185CDDA0070D683 /* Resources */ = {
			isa = PBXResourcesBuildPhase;
			buildActionMask = 2147483647;
			files = (
				78C0C04C2185CDDD0070D683 /* LaunchScreen.storyboard in Resources */,
				78C0C0492185CDDD0070D683 /* Assets.xcassets in Resources */,
				78C0C0472185CDDA0070D683 /* Main.storyboard in Resources */,
			);
			runOnlyForDeploymentPostprocessing = 0;
		};
/* End PBXResourcesBuildPhase section */

/* Begin PBXSourcesBuildPhase section */
		78C0C03A2185CDDA0070D683 /* Sources */ = {
			isa = PBXSourcesBuildPhase;
			buildActionMask = 2147483647;
			files = (
				78C0C0442185CDDA0070D683 /* ViewController.swift in Sources */,
				78C0C0422185CDDA0070D683 /* AppDelegate.swift in Sources */,
			);
			runOnlyForDeploymentPostprocessing = 0;
		};
/* End PBXSourcesBuildPhase section */

/* Begin PBXVariantGroup section */
		78C0C0452185CDDA0070D683 /* Main.storyboard */ = {
			isa = PBXVariantGroup;
			children = (
				78C0C0462185CDDA0070D683 /* Base */,
			);
			name = Main.storyboard;
			sourceTree = "<group>";
		};
		78C0C04A2185CDDD0070D683 /* LaunchScreen.storyboard */ = {
			isa = PBXVariantGroup;
			children = (
				78C0C04B2185CDDD0070D683 /* Base */,
			);
			name = LaunchScreen.storyboard;
			sourceTree = "<group>";
		};
/* End PBXVariantGroup section */

/* Begin XCBuildConfiguration section */
		78C0C04E2185CDDD0070D683 /* Debug */ = {
			isa = XCBuildConfiguration;
			buildSettings = {
				ALWAYS_SEARCH_USER_PATHS = NO;
				CLANG_ANALYZER_NONNULL = YES;
				CLANG_ANALYZER_NUMBER_OBJECT_CONVERSION = YES_AGGRESSIVE;
				CLANG_CXX_LANGUAGE_STANDARD = "gnu++14";
				CLANG_CXX_LIBRARY = "libc++";
				CLANG_ENABLE_MODULES = YES;
				CLANG_ENABLE_OBJC_ARC = YES;
				CLANG_ENABLE_OBJC_WEAK = YES;
				CLANG_WARN_BLOCK_CAPTURE_AUTORELEASING = YES;
				CLANG_WARN_BOOL_CONVERSION = YES;
				CLANG_WARN_COMMA = YES;
				CLANG_WARN_CONSTANT_CONVERSION = YES;
				CLANG_WARN_DEPRECATED_OBJC_IMPLEMENTATIONS = YES;
				CLANG_WARN_DIRECT_OBJC_ISA_USAGE = YES_ERROR;
				CLANG_WARN_DOCUMENTATION_COMMENTS = YES;
				CLANG_WARN_EMPTY_BODY = YES;
				CLANG_WARN_ENUM_CONVERSION = YES;
				CLANG_WARN_INFINITE_RECURSION = YES;
				CLANG_WARN_INT_CONVERSION = YES;
				CLANG_WARN_NON_LITERAL_NULL_CONVERSION = YES;
				CLANG_WARN_OBJC_IMPLICIT_RETAIN_SELF = YES;
				CLANG_WARN_OBJC_LITERAL_CONVERSION = YES;
				CLANG_WARN_OBJC_ROOT_CLASS = YES_ERROR;
				CLANG_WARN_RANGE_LOOP_ANALYSIS = YES;
				CLANG_WARN_STRICT_PROTOTYPES = YES;
				CLANG_WARN_SUSPICIOUS_MOVE = YES;
				CLANG_WARN_UNGUARDED_AVAILABILITY = YES_AGGRESSIVE;
				CLANG_WARN_UNREACHABLE_CODE = YES;
				CLANG_WARN__DUPLICATE_METHOD_MATCH = YES;
				CODE_SIGN_IDENTITY = "iPhone Developer";
				COPY_PHASE_STRIP = NO;
				DEBUG_INFORMATION_FORMAT = dwarf;
				ENABLE_STRICT_OBJC_MSGSEND = YES;
				ENABLE_TESTABILITY = YES;
				GCC_C_LANGUAGE_STANDARD = gnu11;
				GCC_DYNAMIC_NO_PIC = NO;
				GCC_NO_COMMON_BLOCKS = YES;
				GCC_OPTIMIZATION_LEVEL = 0;
				GCC_PREPROCESSOR_DEFINITIONS = (
					"DEBUG=1",
					"$(inherited)",
				);
				GCC_WARN_64_TO_32_BIT_CONVERSION = YES;
				GCC_WARN_ABOUT_RETURN_TYPE = YES_ERROR;
				GCC_WARN_UNDECLARED_SELECTOR = YES;
				GCC_WARN_UNINITIALIZED_AUTOS = YES_AGGRESSIVE;
				GCC_WARN_UNUSED_FUNCTION = YES;
				GCC_WARN_UNUSED_VARIABLE = YES;
				IPHONEOS_DEPLOYMENT_TARGET = 12.0;
				MTL_ENABLE_DEBUG_INFO = INCLUDE_SOURCE;
				MTL_FAST_MATH = YES;
				ONLY_ACTIVE_ARCH = YES;
				SDKROOT = iphoneos;
				SWIFT_ACTIVE_COMPILATION_CONDITIONS = DEBUG;
				SWIFT_OPTIMIZATION_LEVEL = "-Onone";
			};
			name = Debug;
		};
		78C0C04F2185CDDD0070D683 /* Release */ = {
			isa = XCBuildConfiguration;
			buildSettings = {
				ALWAYS_SEARCH_USER_PATHS = NO;
				CLANG_ANALYZER_NONNULL = YES;
				CLANG_ANALYZER_NUMBER_OBJECT_CONVERSION = YES_AGGRESSIVE;
				CLANG_CXX_LANGUAGE_STANDARD = "gnu++14";
				CLANG_CXX_LIBRARY = "libc++";
				CLANG_ENABLE_MODULES = YES;
				CLANG_ENABLE_OBJC_ARC = YES;
				CLANG_ENABLE_OBJC_WEAK = YES;
				CLANG_WARN_BLOCK_CAPTURE_AUTORELEASING = YES;
				CLANG_WARN_BOOL_CONVERSION = YES;
				CLANG_WARN_COMMA = YES;
				CLANG_WARN_CONSTANT_CONVERSION = YES;
				CLANG_WARN_DEPRECATED_OBJC_IMPLEMENTATIONS = YES;
				CLANG_WARN_DIRECT_OBJC_ISA_USAGE = YES_ERROR;
				CLANG_WARN_DOCUMENTATION_COMMENTS = YES;
				CLANG_WARN_EMPTY_BODY = YES;
				CLANG_WARN_ENUM_CONVERSION = YES;
				CLANG_WARN_INFINITE_RECURSION = YES;
				CLANG_WARN_INT_CONVERSION = YES;
				CLANG_WARN_NON_LITERAL_NULL_CONVERSION = YES;
				CLANG_WARN_OBJC_IMPLICIT_RETAIN_SELF = YES;
				CLANG_WARN_OBJC_LITERAL_CONVERSION = YES;
				CLANG_WARN_OBJC_ROOT_CLASS = YES_ERROR;
				CLANG_WARN_RANGE_LOOP_ANALYSIS = YES;
				CLANG_WARN_STRICT_PROTOTYPES = YES;
				CLANG_WARN_SUSPICIOUS_MOVE = YES;
				CLANG_WARN_UNGUARDED_AVAILABILITY = YES_AGGRESSIVE;
				CLANG_WARN_UNREACHABLE_CODE = YES;
				CLANG_WARN__DUPLICATE_METHOD_MATCH = YES;
				CODE_SIGN_IDENTITY = "iPhone Developer";
				COPY_PHASE_STRIP = NO;
				DEBUG_INFORMATION_FORMAT = "dwarf-with-dsym";
				ENABLE_NS_ASSERTIONS = NO;
				ENABLE_STRICT_OBJC_MSGSEND = YES;
				GCC_C_LANGUAGE_STANDARD = gnu11;
				GCC_NO_COMMON_BLOCKS = YES;
				GCC_WARN_64_TO_32_BIT_CONVERSION = YES;
				GCC_WARN_ABOUT_RETURN_TYPE = YES_ERROR;
				GCC_WARN_UNDECLARED_SELECTOR = YES;
				GCC_WARN_UNINITIALIZED_AUTOS = YES_AGGRESSIVE;
				GCC_WARN_UNUSED_FUNCTION = YES;
				GCC_WARN_UNUSED_VARIABLE = YES;
				IPHONEOS_DEPLOYMENT_TARGET = 12.0;
				MTL_ENABLE_DEBUG_INFO = NO;
				MTL_FAST_MATH = YES;
				SDKROOT = iphoneos;
				SWIFT_COMPILATION_MODE = wholemodule;
				SWIFT_OPTIMIZATION_LEVEL = "-O";
				VALIDATE_PRODUCT = YES;
			};
			name = Release;
		};
		78C0C0512185CDDD0070D683 /* Debug */ = {
			isa = XCBuildConfiguration;
			buildSettings = {
				ASSETCATALOG_COMPILER_APPICON_NAME = AppIcon;
				CODE_SIGN_STYLE = Automatic;
				DEVELOPMENT_TEAM = SUBZ24DP5B;
				INFOPLIST_FILE = ToDoListapplication/Info.plist;
				LD_RUNPATH_SEARCH_PATHS = (
					"$(inherited)",
					"@executable_path/Frameworks",
				);
				PRODUCT_BUNDLE_IDENTIFIER = com.danishrehman.ToDoListapplication;
				PRODUCT_NAME = "$(TARGET_NAME)";
				SWIFT_VERSION = 4.2;
				TARGETED_DEVICE_FAMILY = "1,2";
			};
			name = Debug;
		};
		78C0C0522185CDDD0070D683 /* Release */ = {
			isa = XCBuildConfiguration;
			buildSettings = {
				ASSETCATALOG_COMPILER_APPICON_NAME = AppIcon;
				CODE_SIGN_STYLE = Automatic;
				DEVELOPMENT_TEAM = SUBZ24DP5B;
				INFOPLIST_FILE = ToDoListapplication/Info.plist;
				LD_RUNPATH_SEARCH_PATHS = (
					"$(inherited)",
					"@executable_path/Frameworks",
				);
				PRODUCT_BUNDLE_IDENTIFIER = com.danishrehman.ToDoListapplication;
				PRODUCT_NAME = "$(TARGET_NAME)";
				SWIFT_VERSION = 4.2;
				TARGETED_DEVICE_FAMILY = "1,2";
			};
			name = Release;
		};
/* End XCBuildConfiguration section */

/* Begin XCConfigurationList section */
		78C0C0392185CDDA0070D683 /* Build configuration list for PBXProject "ToDoListapplication" */ = {
			isa = XCConfigurationList;
			buildConfigurations = (
				78C0C04E2185CDDD0070D683 /* Debug */,
				78C0C04F2185CDDD0070D683 /* Release */,
			);
			defaultConfigurationIsVisible = 0;
			defaultConfigurationName = Release;
		};
		78C0C0502185CDDD0070D683 /* Build configuration list for PBXNativeTarget "ToDoListapplication" */ = {
			isa = XCConfigurationList;
			buildConfigurations = (
				78C0C0512185CDDD0070D683 /* Debug */,
				78C0C0522185CDDD0070D683 /* Release */,
			);
			defaultConfigurationIsVisible = 0;
			defaultConfigurationName = Release;
		};
/* End XCConfigurationList section */
	};
	rootObject = 78C0C0362185CDDA0070D683 /* Project object */;
}
